{
  "version": 4,
  "terraform_version": "1.7.5",
  "serial": 1,
  "lineage": "657b6f51-0e45-be97-bac8-8cfe969c57e5",
  "outputs": {},
  "resources": [
    {
      "mode": "managed",
      "type": "aws_vpc",
      "name": "VPCITMaVSCode",
      "provider": "provider[\"registry.terraform.io/hashicorp/aws\"]",
      "instances": [
        {
          "schema_version": 1,
          "attributes": {
            "arn": "arn:aws:ec2:us-east-1:851725528312:vpc/vpc-0b7714ea1dc2dcd22",
            "assign_generated_ipv6_cidr_block": false,
            "cidr_block": "172.30.0.0/16",
            "default_network_acl_id": "acl-039d469ae19e1296c",
            "default_route_table_id": "rtb-0e877c80237eac3b8",
            "default_security_group_id": "sg-0456028f897845643",
            "dhcp_options_id": "dopt-04a2a11026d3e0851",
            "enable_classiclink": false,
            "enable_classiclink_dns_support": false,
            "enable_dns_hostnames": true,
            "enable_dns_support": true,
            "id": "vpc-0b7714ea1dc2dcd22",
            "instance_tenancy": "default",
            "ipv4_ipam_pool_id": null,
            "ipv4_netmask_length": null,
            "ipv6_association_id": "",
            "ipv6_cidr_block": "",
            "ipv6_cidr_block_network_border_group": "",
            "ipv6_ipam_pool_id": "",
            "ipv6_netmask_length": 0,
            "main_route_table_id": "rtb-0e877c80237eac3b8",
            "owner_id": "851725528312",
            "tags": {
              "Name": "VPCITMIaCVCode"
            },
            "tags_all": {
              "Name": "VPCITMIaCVCode"
            }
          },
          "sensitive_attributes": [],
          "private": "eyJzY2hlbWFfdmVyc2lvbiI6IjEifQ=="
        }
      ]
    }
  ],
  "check_results": null
}
